// !$*UTF8*$!
{
	archiveVersion = 1;
	classes = {
	};
	objectVersion = 56;
	objects = {

/* Begin PBXBuildFile section */
		7A46A7372A0997CC00BB9009 /* AppDelegate.swift in Sources */ = {isa = PBXBuildFile; fileRef = 7A46A7362A0997CC00BB9009 /* AppDelegate.swift */; };
		7A46A7392A0997CC00BB9009 /* art.scnassets in Resources */ = {isa = PBXBuildFile; fileRef = 7A46A7382A0997CC00BB9009 /* art.scnassets */; };
		7A46A73B2A0997CC00BB9009 /* ViewController.swift in Sources */ = {isa = PBXBuildFile; fileRef = 7A46A73A2A0997CC00BB9009 /* ViewController.swift */; };
		7A46A73E2A0997CC00BB9009 /* Main.storyboard in Resources */ = {isa = PBXBuildFile; fileRef = 7A46A73C2A0997CC00BB9009 /* Main.storyboard */; };
		7A46A7402A0997CD00BB9009 /* Assets.xcassets in Resources */ = {isa = PBXBuildFile; fileRef = 7A46A73F2A0997CD00BB9009 /* Assets.xcassets */; };
		7A46A7432A0997CD00BB9009 /* LaunchScreen.storyboard in Resources */ = {isa = PBXBuildFile; fileRef = 7A46A7412A0997CD00BB9009 /* LaunchScreen.storyboard */; };
		7A46A74D2A0997CD00BB9009 /* ExampleGithubActionsTests.swift in Sources */ = {isa = PBXBuildFile; fileRef = 7A46A74C2A0997CD00BB9009 /* ExampleGithubActionsTests.swift */; };
		7A46A7572A0997CD00BB9009 /* ExampleGithubActionsUITests.swift in Sources */ = {isa = PBXBuildFile; fileRef = 7A46A7562A0997CD00BB9009 /* ExampleGithubActionsUITests.swift */; };
		7A46A7592A0997CD00BB9009 /* ExampleGithubActionsUITestsLaunchTests.swift in Sources */ = {isa = PBXBuildFile; fileRef = 7A46A7582A0997CD00BB9009 /* ExampleGithubActionsUITestsLaunchTests.swift */; };
/* End PBXBuildFile section */

/* Begin PBXContainerItemProxy section */
		7A46A7492A0997CD00BB9009 /* PBXContainerItemProxy */ = {
			isa = PBXContainerItemProxy;
			containerPortal = 7A46A72B2A0997CC00BB9009 /* Project object */;
			proxyType = 1;
			remoteGlobalIDString = 7A46A7322A0997CC00BB9009;
			remoteInfo = ExampleGithubActions;
		};
		7A46A7532A0997CD00BB9009 /* PBXContainerItemProxy */ = {
			isa = PBXContainerItemProxy;
			containerPortal = 7A46A72B2A0997CC00BB9009 /* Project object */;
			proxyType = 1;
			remoteGlobalIDString = 7A46A7322A0997CC00BB9009;
			remoteInfo = ExampleGithubActions;
		};
/* End PBXContainerItemProxy section */

/* Begin PBXFileReference section */
		7A46A7332A0997CC00BB9009 /* ExampleGithubActions.app */ = {isa = PBXFileReference; explicitFileType = wrapper.application; includeInIndex = 0; path = ExampleGithubActions.app; sourceTree = BUILT_PRODUCTS_DIR; };
		7A46A7362A0997CC00BB9009 /* AppDelegate.swift */ = {isa = PBXFileReference; lastKnownFileType = sourcecode.swift; path = AppDelegate.swift; sourceTree = "<group>"; };
		7A46A7382A0997CC00BB9009 /* art.scnassets */ = {isa = PBXFileReference; lastKnownFileType = wrapper.scnassets; path = art.scnassets; sourceTree = "<group>"; };
		7A46A73A2A0997CC00BB9009 /* ViewController.swift */ = {isa = PBXFileReference; lastKnownFileType = sourcecode.swift; path = ViewController.swift; sourceTree = "<group>"; };
		7A46A73D2A0997CC00BB9009 /* Base */ = {isa = PBXFileReference; lastKnownFileType = file.storyboard; name = Base; path = Base.lproj/Main.storyboard; sourceTree = "<group>"; };
		7A46A73F2A0997CD00BB9009 /* Assets.xcassets */ = {isa = PBXFileReference; lastKnownFileType = folder.assetcatalog; path = Assets.xcassets; sourceTree = "<group>"; };
		7A46A7422A0997CD00BB9009 /* Base */ = {isa = PBXFileReference; lastKnownFileType = file.storyboard; name = Base; path = Base.lproj/LaunchScreen.storyboard; sourceTree = "<group>"; };
		7A46A7482A0997CD00BB9009 /* ExampleGithubActionsTests.xctest */ = {isa = PBXFileReference; explicitFileType = wrapper.cfbundle; includeInIndex = 0; path = ExampleGithubActionsTests.xctest; sourceTree = BUILT_PRODUCTS_DIR; };
		7A46A74C2A0997CD00BB9009 /* ExampleGithubActionsTests.swift */ = {isa = PBXFileReference; lastKnownFileType = sourcecode.swift; path = ExampleGithubActionsTests.swift; sourceTree = "<group>"; };
		7A46A7522A0997CD00BB9009 /* ExampleGithubActionsUITests.xctest */ = {isa = PBXFileReference; explicitFileType = wrapper.cfbundle; includeInIndex = 0; path = ExampleGithubActionsUITests.xctest; sourceTree = BUILT_PRODUCTS_DIR; };
		7A46A7562A0997CD00BB9009 /* ExampleGithubActionsUITests.swift */ = {isa = PBXFileReference; lastKnownFileType = sourcecode.swift; path = ExampleGithubActionsUITests.swift; sourceTree = "<group>"; };
		7A46A7582A0997CD00BB9009 /* ExampleGithubActionsUITestsLaunchTests.swift */ = {isa = PBXFileReference; lastKnownFileType = sourcecode.swift; path = ExampleGithubActionsUITestsLaunchTests.swift; sourceTree = "<group>"; };
/* End PBXFileReference section */

/* Begin PBXFrameworksBuildPhase section */
		7A46A7302A0997CC00BB9009 /* Frameworks */ = {
			isa = PBXFrameworksBuildPhase;
			buildActionMask = 2147483647;
			files = (
			);
			runOnlyForDeploymentPostprocessing = 0;
		};
		7A46A7452A0997CD00BB9009 /* Frameworks */ = {
			isa = PBXFrameworksBuildPhase;
			buildActionMask = 2147483647;
			files = (
			);
			runOnlyForDeploymentPostprocessing = 0;
		};
		7A46A74F2A0997CD00BB9009 /* Frameworks */ = {
			isa = PBXFrameworksBuildPhase;
			buildActionMask = 2147483647;
			files = (
			);
			runOnlyForDeploymentPostprocessing = 0;
		};
/* End PBXFrameworksBuildPhase section */

/* Begin PBXGroup section */
		7A46A72A2A0997CC00BB9009 = {
			isa = PBXGroup;
			children = (
				7A46A7352A0997CC00BB9009 /* ExampleGithubActions */,
				7A46A74B2A0997CD00BB9009 /* ExampleGithubActionsTests */,
				7A46A7552A0997CD00BB9009 /* ExampleGithubActionsUITests */,
				7A46A7342A0997CC00BB9009 /* Products */,
			);
			sourceTree = "<group>";
		};
		7A46A7342A0997CC00BB9009 /* Products */ = {
			isa = PBXGroup;
			children = (
				7A46A7332A0997CC00BB9009 /* ExampleGithubActions.app */,
				7A46A7482A0997CD00BB9009 /* ExampleGithubActionsTests.xctest */,
				7A46A7522A0997CD00BB9009 /* ExampleGithubActionsUITests.xctest */,
			);
			name = Products;
			sourceTree = "<group>";
		};
		7A46A7352A0997CC00BB9009 /* ExampleGithubActions */ = {
			isa = PBXGroup;
			children = (
				7A46A7362A0997CC00BB9009 /* AppDelegate.swift */,
				7A46A7382A0997CC00BB9009 /* art.scnassets */,
				7A46A73A2A0997CC00BB9009 /* ViewController.swift */,
				7A46A73C2A0997CC00BB9009 /* Main.storyboard */,
				7A46A73F2A0997CD00BB9009 /* Assets.xcassets */,
				7A46A7412A0997CD00BB9009 /* LaunchScreen.storyboard */,
			);
			path = ExampleGithubActions;
			sourceTree = "<group>";
		};
		7A46A74B2A0997CD00BB9009 /* ExampleGithubActionsTests */ = {
			isa = PBXGroup;
			children = (
				7A46A74C2A0997CD00BB9009 /* ExampleGithubActionsTests.swift */,
			);
			path = ExampleGithubActionsTests;
			sourceTree = "<group>";
		};
		7A46A7552A0997CD00BB9009 /* ExampleGithubActionsUITests */ = {
			isa = PBXGroup;
			children = (
				7A46A7562A0997CD00BB9009 /* ExampleGithubActionsUITests.swift */,
				7A46A7582A0997CD00BB9009 /* ExampleGithubActionsUITestsLaunchTests.swift */,
			);
			path = ExampleGithubActionsUITests;
			sourceTree = "<group>";
		};
/* End PBXGroup section */

/* Begin PBXNativeTarget section */
		7A46A7322A0997CC00BB9009 /* ExampleGithubActions */ = {
			isa = PBXNativeTarget;
			buildConfigurationList = 7A46A75C2A0997CD00BB9009 /* Build configuration list for PBXNativeTarget "ExampleGithubActions" */;
			buildPhases = (
				7A46A72F2A0997CC00BB9009 /* Sources */,
				7A46A7302A0997CC00BB9009 /* Frameworks */,
				7A46A7312A0997CC00BB9009 /* Resources */,
			);
			buildRules = (
			);
			dependencies = (
			);
			name = ExampleGithubActions;
			productName = ExampleGithubActions;
			productReference = 7A46A7332A0997CC00BB9009 /* ExampleGithubActions.app */;
			productType = "com.apple.product-type.application";
		};
		7A46A7472A0997CD00BB9009 /* ExampleGithubActionsTests */ = {
			isa = PBXNativeTarget;
			buildConfigurationList = 7A46A75F2A0997CD00BB9009 /* Build configuration list for PBXNativeTarget "ExampleGithubActionsTests" */;
			buildPhases = (
				7A46A7442A0997CD00BB9009 /* Sources */,
				7A46A7452A0997CD00BB9009 /* Frameworks */,
				7A46A7462A0997CD00BB9009 /* Resources */,
			);
			buildRules = (
			);
			dependencies = (
				7A46A74A2A0997CD00BB9009 /* PBXTargetDependency */,
			);
			name = ExampleGithubActionsTests;
			productName = ExampleGithubActionsTests;
			productReference = 7A46A7482A0997CD00BB9009 /* ExampleGithubActionsTests.xctest */;
			productType = "com.apple.product-type.bundle.unit-test";
		};
		7A46A7512A0997CD00BB9009 /* ExampleGithubActionsUITests */ = {
			isa = PBXNativeTarget;
			buildConfigurationList = 7A46A7622A0997CD00BB9009 /* Build configuration list for PBXNativeTarget "ExampleGithubActionsUITests" */;
			buildPhases = (
				7A46A74E2A0997CD00BB9009 /* Sources */,
				7A46A74F2A0997CD00BB9009 /* Frameworks */,
				7A46A7502A0997CD00BB9009 /* Resources */,
			);
			buildRules = (
			);
			dependencies = (
				7A46A7542A0997CD00BB9009 /* PBXTargetDependency */,
			);
			name = ExampleGithubActionsUITests;
			productName = ExampleGithubActionsUITests;
			productReference = 7A46A7522A0997CD00BB9009 /* ExampleGithubActionsUITests.xctest */;
			productType = "com.apple.product-type.bundle.ui-testing";
		};
/* End PBXNativeTarget section */

/* Begin PBXProject section */
		7A46A72B2A0997CC00BB9009 /* Project object */ = {
			isa = PBXProject;
			attributes = {
				BuildIndependentTargetsInParallel = 1;
				LastSwiftUpdateCheck = 1420;
				LastUpgradeCheck = 1420;
				TargetAttributes = {
					7A46A7322A0997CC00BB9009 = {
						CreatedOnToolsVersion = 14.2;
					};
					7A46A7472A0997CD00BB9009 = {
						CreatedOnToolsVersion = 14.2;
						TestTargetID = 7A46A7322A0997CC00BB9009;
					};
					7A46A7512A0997CD00BB9009 = {
						CreatedOnToolsVersion = 14.2;
						TestTargetID = 7A46A7322A0997CC00BB9009;
					};
				};
			};
			buildConfigurationList = 7A46A72E2A0997CC00BB9009 /* Build configuration list for PBXProject "ExampleGithubActions" */;
			compatibilityVersion = "Xcode 14.0";
			developmentRegion = en;
			hasScannedForEncodings = 0;
			knownRegions = (
				en,
				Base,
			);
			mainGroup = 7A46A72A2A0997CC00BB9009;
			productRefGroup = 7A46A7342A0997CC00BB9009 /* Products */;
			projectDirPath = "";
			projectRoot = "";
			targets = (
				7A46A7322A0997CC00BB9009 /* ExampleGithubActions */,
				7A46A7472A0997CD00BB9009 /* ExampleGithubActionsTests */,
				7A46A7512A0997CD00BB9009 /* ExampleGithubActionsUITests */,
			);
		};
/* End PBXProject section */

/* Begin PBXResourcesBuildPhase section */
		7A46A7312A0997CC00BB9009 /* Resources */ = {
			isa = PBXResourcesBuildPhase;
			buildActionMask = 2147483647;
			files = (
				7A46A7392A0997CC00BB9009 /* art.scnassets in Resources */,
				7A46A7432A0997CD00BB9009 /* LaunchScreen.storyboard in Resources */,
				7A46A7402A0997CD00BB9009 /* Assets.xcassets in Resources */,
				7A46A73E2A0997CC00BB9009 /* Main.storyboard in Resources */,
			);
			runOnlyForDeploymentPostprocessing = 0;
		};
		7A46A7462A0997CD00BB9009 /* Resources */ = {
			isa = PBXResourcesBuildPhase;
			buildActionMask = 2147483647;
			files = (
			);
			runOnlyForDeploymentPostprocessing = 0;
		};
		7A46A7502A0997CD00BB9009 /* Resources */ = {
			isa = PBXResourcesBuildPhase;
			buildActionMask = 2147483647;
			files = (
			);
			runOnlyForDeploymentPostprocessing = 0;
		};
/* End PBXResourcesBuildPhase section */

/* Begin PBXSourcesBuildPhase section */
		7A46A72F2A0997CC00BB9009 /* Sources */ = {
			isa = PBXSourcesBuildPhase;
			buildActionMask = 2147483647;
			files = (
				7A46A73B2A0997CC00BB9009 /* ViewController.swift in Sources */,
				7A46A7372A0997CC00BB9009 /* AppDelegate.swift in Sources */,
			);
			runOnlyForDeploymentPostprocessing = 0;
		};
		7A46A7442A0997CD00BB9009 /* Sources */ = {
			isa = PBXSourcesBuildPhase;
			buildActionMask = 2147483647;
			files = (
				7A46A74D2A0997CD00BB9009 /* ExampleGithubActionsTests.swift in Sources */,
			);
			runOnlyForDeploymentPostprocessing = 0;
		};
		7A46A74E2A0997CD00BB9009 /* Sources */ = {
			isa = PBXSourcesBuildPhase;
			buildActionMask = 2147483647;
			files = (
				7A46A7592A0997CD00BB9009 /* ExampleGithubActionsUITestsLaunchTests.swift in Sources */,
				7A46A7572A0997CD00BB9009 /* ExampleGithubActionsUITests.swift in Sources */,
			);
			runOnlyForDeploymentPostprocessing = 0;
		};
/* End PBXSourcesBuildPhase section */

/* Begin PBXTargetDependency section */
		7A46A74A2A0997CD00BB9009 /* PBXTargetDependency */ = {
			isa = PBXTargetDependency;
			target = 7A46A7322A0997CC00BB9009 /* ExampleGithubActions */;
			targetProxy = 7A46A7492A0997CD00BB9009 /* PBXContainerItemProxy */;
		};
		7A46A7542A0997CD00BB9009 /* PBXTargetDependency */ = {
			isa = PBXTargetDependency;
			target = 7A46A7322A0997CC00BB9009 /* ExampleGithubActions */;
			targetProxy = 7A46A7532A0997CD00BB9009 /* PBXContainerItemProxy */;
		};
/* End PBXTargetDependency section */

/* Begin PBXVariantGroup section */
		7A46A73C2A0997CC00BB9009 /* Main.storyboard */ = {
			isa = PBXVariantGroup;
			children = (
				7A46A73D2A0997CC00BB9009 /* Base */,
			);
			name = Main.storyboard;
			sourceTree = "<group>";
		};
		7A46A7412A0997CD00BB9009 /* LaunchScreen.storyboard */ = {
			isa = PBXVariantGroup;
			children = (
				7A46A7422A0997CD00BB9009 /* Base */,
			);
			name = LaunchScreen.storyboard;
			sourceTree = "<group>";
		};
/* End PBXVariantGroup section */

/* Begin XCBuildConfiguration section */
		7A46A75A2A0997CD00BB9009 /* Debug */ = {
			isa = XCBuildConfiguration;
			buildSettings = {
				ALWAYS_SEARCH_USER_PATHS = NO;
				CLANG_ANALYZER_NONNULL = YES;
				CLANG_ANALYZER_NUMBER_OBJECT_CONVERSION = YES_AGGRESSIVE;
				CLANG_CXX_LANGUAGE_STANDARD = "gnu++20";
				CLANG_ENABLE_MODULES = YES;
				CLANG_ENABLE_OBJC_ARC = YES;
				CLANG_ENABLE_OBJC_WEAK = YES;
				CLANG_WARN_BLOCK_CAPTURE_AUTORELEASING = YES;
				CLANG_WARN_BOOL_CONVERSION = YES;
				CLANG_WARN_COMMA = YES;
				CLANG_WARN_CONSTANT_CONVERSION = YES;
				CLANG_WARN_DEPRECATED_OBJC_IMPLEMENTATIONS = YES;
				CLANG_WARN_DIRECT_OBJC_ISA_USAGE = YES_ERROR;
				CLANG_WARN_DOCUMENTATION_COMMENTS = YES;
				CLANG_WARN_EMPTY_BODY = YES;
				CLANG_WARN_ENUM_CONVERSION = YES;
				CLANG_WARN_INFINITE_RECURSION = YES;
				CLANG_WARN_INT_CONVERSION = YES;
				CLANG_WARN_NON_LITERAL_NULL_CONVERSION = YES;
				CLANG_WARN_OBJC_IMPLICIT_RETAIN_SELF = YES;
				CLANG_WARN_OBJC_LITERAL_CONVERSION = YES;
				CLANG_WARN_OBJC_ROOT_CLASS = YES_ERROR;
				CLANG_WARN_QUOTED_INCLUDE_IN_FRAMEWORK_HEADER = YES;
				CLANG_WARN_RANGE_LOOP_ANALYSIS = YES;
				CLANG_WARN_STRICT_PROTOTYPES = YES;
				CLANG_WARN_SUSPICIOUS_MOVE = YES;
				CLANG_WARN_UNGUARDED_AVAILABILITY = YES_AGGRESSIVE;
				CLANG_WARN_UNREACHABLE_CODE = YES;
				CLANG_WARN__DUPLICATE_METHOD_MATCH = YES;
				COPY_PHASE_STRIP = NO;
				DEBUG_INFORMATION_FORMAT = dwarf;
				ENABLE_STRICT_OBJC_MSGSEND = YES;
				ENABLE_TESTABILITY = YES;
				GCC_C_LANGUAGE_STANDARD = gnu11;
				GCC_DYNAMIC_NO_PIC = NO;
				GCC_NO_COMMON_BLOCKS = YES;
				GCC_OPTIMIZATION_LEVEL = 0;
				GCC_PREPROCESSOR_DEFINITIONS = (
					"DEBUG=1",
					"$(inherited)",
				);
				GCC_WARN_64_TO_32_BIT_CONVERSION = YES;
				GCC_WARN_ABOUT_RETURN_TYPE = YES_ERROR;
				GCC_WARN_UNDECLARED_SELECTOR = YES;
				GCC_WARN_UNINITIALIZED_AUTOS = YES_AGGRESSIVE;
				GCC_WARN_UNUSED_FUNCTION = YES;
				GCC_WARN_UNUSED_VARIABLE = YES;
				IPHONEOS_DEPLOYMENT_TARGET = 16.2;
				MTL_ENABLE_DEBUG_INFO = INCLUDE_SOURCE;
				MTL_FAST_MATH = YES;
				ONLY_ACTIVE_ARCH = YES;
				SDKROOT = iphoneos;
				SWIFT_ACTIVE_COMPILATION_CONDITIONS = DEBUG;
				SWIFT_OPTIMIZATION_LEVEL = "-Onone";
			};
			name = Debug;
		};
		7A46A75B2A0997CD00BB9009 /* Release */ = {
			isa = XCBuildConfiguration;
			buildSettings = {
				ALWAYS_SEARCH_USER_PATHS = NO;
				CLANG_ANALYZER_NONNULL = YES;
				CLANG_ANALYZER_NUMBER_OBJECT_CONVERSION = YES_AGGRESSIVE;
				CLANG_CXX_LANGUAGE_STANDARD = "gnu++20";
				CLANG_ENABLE_MODULES = YES;
				CLANG_ENABLE_OBJC_ARC = YES;
				CLANG_ENABLE_OBJC_WEAK = YES;
				CLANG_WARN_BLOCK_CAPTURE_AUTORELEASING = YES;
				CLANG_WARN_BOOL_CONVERSION = YES;
				CLANG_WARN_COMMA = YES;
				CLANG_WARN_CONSTANT_CONVERSION = YES;
				CLANG_WARN_DEPRECATED_OBJC_IMPLEMENTATIONS = YES;
				CLANG_WARN_DIRECT_OBJC_ISA_USAGE = YES_ERROR;
				CLANG_WARN_DOCUMENTATION_COMMENTS = YES;
				CLANG_WARN_EMPTY_BODY = YES;
				CLANG_WARN_ENUM_CONVERSION = YES;
				CLANG_WARN_INFINITE_RECURSION = YES;
				CLANG_WARN_INT_CONVERSION = YES;
				CLANG_WARN_NON_LITERAL_NULL_CONVERSION = YES;
				CLANG_WARN_OBJC_IMPLICIT_RETAIN_SELF = YES;
				CLANG_WARN_OBJC_LITERAL_CONVERSION = YES;
				CLANG_WARN_OBJC_ROOT_CLASS = YES_ERROR;
				CLANG_WARN_QUOTED_INCLUDE_IN_FRAMEWORK_HEADER = YES;
				CLANG_WARN_RANGE_LOOP_ANALYSIS = YES;
				CLANG_WARN_STRICT_PROTOTYPES = YES;
				CLANG_WARN_SUSPICIOUS_MOVE = YES;
				CLANG_WARN_UNGUARDED_AVAILABILITY = YES_AGGRESSIVE;
				CLANG_WARN_UNREACHABLE_CODE = YES;
				CLANG_WARN__DUPLICATE_METHOD_MATCH = YES;
				COPY_PHASE_STRIP = NO;
				DEBUG_INFORMATION_FORMAT = "dwarf-with-dsym";
				ENABLE_NS_ASSERTIONS = NO;
				ENABLE_STRICT_OBJC_MSGSEND = YES;
				GCC_C_LANGUAGE_STANDARD = gnu11;
				GCC_NO_COMMON_BLOCKS = YES;
				GCC_WARN_64_TO_32_BIT_CONVERSION = YES;
				GCC_WARN_ABOUT_RETURN_TYPE = YES_ERROR;
				GCC_WARN_UNDECLARED_SELECTOR = YES;
				GCC_WARN_UNINITIALIZED_AUTOS = YES_AGGRESSIVE;
				GCC_WARN_UNUSED_FUNCTION = YES;
				GCC_WARN_UNUSED_VARIABLE = YES;
				IPHONEOS_DEPLOYMENT_TARGET = 16.2;
				MTL_ENABLE_DEBUG_INFO = NO;
				MTL_FAST_MATH = YES;
				SDKROOT = iphoneos;
				SWIFT_COMPILATION_MODE = wholemodule;
				SWIFT_OPTIMIZATION_LEVEL = "-O";
				VALIDATE_PRODUCT = YES;
			};
			name = Release;
		};
		7A46A75D2A0997CD00BB9009 /* Debug */ = {
			isa = XCBuildConfiguration;
			buildSettings = {
				ASSETCATALOG_COMPILER_APPICON_NAME = AppIcon;
				ASSETCATALOG_COMPILER_GLOBAL_ACCENT_COLOR_NAME = AccentColor;
				CODE_SIGN_STYLE = Automatic;
				CURRENT_PROJECT_VERSION = 1;
				DEVELOPMENT_TEAM = 9AX56522RV;
				GENERATE_INFOPLIST_FILE = YES;
				INFOPLIST_KEY_NSCameraUsageDescription = "";
				INFOPLIST_KEY_UIApplicationSupportsIndirectInputEvents = YES;
				INFOPLIST_KEY_UILaunchStoryboardName = LaunchScreen;
				INFOPLIST_KEY_UIMainStoryboardFile = Main;
				INFOPLIST_KEY_UIRequiredDeviceCapabilities = arkit;
				INFOPLIST_KEY_UIStatusBarHidden = YES;
				INFOPLIST_KEY_UISupportedInterfaceOrientations_iPad = "UIInterfaceOrientationPortrait UIInterfaceOrientationPortraitUpsideDown UIInterfaceOrientationLandscapeLeft UIInterfaceOrientationLandscapeRight";
				INFOPLIST_KEY_UISupportedInterfaceOrientations_iPhone = "UIInterfaceOrientationPortrait UIInterfaceOrientationLandscapeLeft UIInterfaceOrientationLandscapeRight";
				LD_RUNPATH_SEARCH_PATHS = (
					"$(inherited)",
					"@executable_path/Frameworks",
				);
				MARKETING_VERSION = 1.0;
				PRODUCT_BUNDLE_IDENTIFIER = io.archer.blobStorageExample.ExampleGithubActions;
				PRODUCT_NAME = "$(TARGET_NAME)";
				SWIFT_EMIT_LOC_STRINGS = YES;
				SWIFT_VERSION = 5.0;
				TARGETED_DEVICE_FAMILY = "1,2";
			};
			name = Debug;
		};
		7A46A75E2A0997CD00BB9009 /* Release */ = {
			isa = XCBuildConfiguration;
			buildSettings = {
				ASSETCATALOG_COMPILER_APPICON_NAME = AppIcon;
				ASSETCATALOG_COMPILER_GLOBAL_ACCENT_COLOR_NAME = AccentColor;
				CODE_SIGN_STYLE = Automatic;
				CURRENT_PROJECT_VERSION = 1;
				DEVELOPMENT_TEAM = 9AX56522RV;
				GENERATE_INFOPLIST_FILE = YES;
				INFOPLIST_KEY_NSCameraUsageDescription = "";
				INFOPLIST_KEY_UIApplicationSupportsIndirectInputEvents = YES;
				INFOPLIST_KEY_UILaunchStoryboardName = LaunchScreen;
				INFOPLIST_KEY_UIMainStoryboardFile = Main;
				INFOPLIST_KEY_UIRequiredDeviceCapabilities = arkit;
				INFOPLIST_KEY_UIStatusBarHidden = YES;
				INFOPLIST_KEY_UISupportedInterfaceOrientations_iPad = "UIInterfaceOrientationPortrait UIInterfaceOrientationPortraitUpsideDown UIInterfaceOrientationLandscapeLeft UIInterfaceOrientationLandscapeRight";
				INFOPLIST_KEY_UISupportedInterfaceOrientations_iPhone = "UIInterfaceOrientationPortrait UIInterfaceOrientationLandscapeLeft UIInterfaceOrientationLandscapeRight";
				LD_RUNPATH_SEARCH_PATHS = (
					"$(inherited)",
					"@executable_path/Frameworks",
				);
				MARKETING_VERSION = 1.0;
				PRODUCT_BUNDLE_IDENTIFIER = io.archer.blobStorageExample.ExampleGithubActions;
				PRODUCT_NAME = "$(TARGET_NAME)";
				SWIFT_EMIT_LOC_STRINGS = YES;
				SWIFT_VERSION = 5.0;
				TARGETED_DEVICE_FAMILY = "1,2";
			};
			name = Release;
		};
		7A46A7602A0997CD00BB9009 /* Debug */ = {
			isa = XCBuildConfiguration;
			buildSettings = {
				ALWAYS_EMBED_SWIFT_STANDARD_LIBRARIES = YES;
				BUNDLE_LOADER = "$(TEST_HOST)";
				CODE_SIGN_STYLE = Automatic;
				CURRENT_PROJECT_VERSION = 1;
				DEVELOPMENT_TEAM = 9AX56522RV;
				GENERATE_INFOPLIST_FILE = YES;
				IPHONEOS_DEPLOYMENT_TARGET = 16.2;
				MARKETING_VERSION = 1.0;
				PRODUCT_BUNDLE_IDENTIFIER = io.archer.blobStorageExample.ExampleGithubActionsTests;
				PRODUCT_NAME = "$(TARGET_NAME)";
				SWIFT_EMIT_LOC_STRINGS = NO;
				SWIFT_VERSION = 5.0;
				TARGETED_DEVICE_FAMILY = "1,2";
				TEST_HOST = "$(BUILT_PRODUCTS_DIR)/ExampleGithubActions.app/$(BUNDLE_EXECUTABLE_FOLDER_PATH)/ExampleGithubActions";
			};
			name = Debug;
		};
		7A46A7612A0997CD00BB9009 /* Release */ = {
			isa = XCBuildConfiguration;
			buildSettings = {
				ALWAYS_EMBED_SWIFT_STANDARD_LIBRARIES = YES;
				BUNDLE_LOADER = "$(TEST_HOST)";
				CODE_SIGN_STYLE = Automatic;
				CURRENT_PROJECT_VERSION = 1;
				DEVELOPMENT_TEAM = 9AX56522RV;
				GENERATE_INFOPLIST_FILE = YES;
				IPHONEOS_DEPLOYMENT_TARGET = 16.2;
				MARKETING_VERSION = 1.0;
				PRODUCT_BUNDLE_IDENTIFIER = io.archer.blobStorageExample.ExampleGithubActionsTests;
				PRODUCT_NAME = "$(TARGET_NAME)";
				SWIFT_EMIT_LOC_STRINGS = NO;
				SWIFT_VERSION = 5.0;
				TARGETED_DEVICE_FAMILY = "1,2";
				TEST_HOST = "$(BUILT_PRODUCTS_DIR)/ExampleGithubActions.app/$(BUNDLE_EXECUTABLE_FOLDER_PATH)/ExampleGithubActions";
			};
			name = Release;
		};
		7A46A7632A0997CD00BB9009 /* Debug */ = {
			isa = XCBuildConfiguration;
			buildSettings = {
				ALWAYS_EMBED_SWIFT_STANDARD_LIBRARIES = YES;
				CODE_SIGN_STYLE = Automatic;
				CURRENT_PROJECT_VERSION = 1;
				DEVELOPMENT_TEAM = 9AX56522RV;
				GENERATE_INFOPLIST_FILE = YES;
				MARKETING_VERSION = 1.0;
				PRODUCT_BUNDLE_IDENTIFIER = io.archer.blobStorageExample.ExampleGithubActionsUITests;
				PRODUCT_NAME = "$(TARGET_NAME)";
				SWIFT_EMIT_LOC_STRINGS = NO;
				SWIFT_VERSION = 5.0;
				TARGETED_DEVICE_FAMILY = "1,2";
				TEST_TARGET_NAME = ExampleGithubActions;
			};
			name = Debug;
		};
		7A46A7642A0997CD00BB9009 /* Release */ = {
			isa = XCBuildConfiguration;
			buildSettings = {
				ALWAYS_EMBED_SWIFT_STANDARD_LIBRARIES = YES;
				CODE_SIGN_STYLE = Automatic;
				CURRENT_PROJECT_VERSION = 1;
				DEVELOPMENT_TEAM = 9AX56522RV;
				GENERATE_INFOPLIST_FILE = YES;
				MARKETING_VERSION = 1.0;
				PRODUCT_BUNDLE_IDENTIFIER = io.archer.blobStorageExample.ExampleGithubActionsUITests;
				PRODUCT_NAME = "$(TARGET_NAME)";
				SWIFT_EMIT_LOC_STRINGS = NO;
				SWIFT_VERSION = 5.0;
				TARGETED_DEVICE_FAMILY = "1,2";
				TEST_TARGET_NAME = ExampleGithubActions;
			};
			name = Release;
		};
/* End XCBuildConfiguration section */

/* Begin XCConfigurationList section */
		7A46A72E2A0997CC00BB9009 /* Build configuration list for PBXProject "ExampleGithubActions" */ = {
			isa = XCConfigurationList;
			buildConfigurations = (
				7A46A75A2A0997CD00BB9009 /* Debug */,
				7A46A75B2A0997CD00BB9009 /* Release */,
			);
			defaultConfigurationIsVisible = 0;
			defaultConfigurationName = Release;
		};
		7A46A75C2A0997CD00BB9009 /* Build configuration list for PBXNativeTarget "ExampleGithubActions" */ = {
			isa = XCConfigurationList;
			buildConfigurations = (
				7A46A75D2A0997CD00BB9009 /* Debug */,
				7A46A75E2A0997CD00BB9009 /* Release */,
			);
			defaultConfigurationIsVisible = 0;
			defaultConfigurationName = Release;
		};
		7A46A75F2A0997CD00BB9009 /* Build configuration list for PBXNativeTarget "ExampleGithubActionsTests" */ = {
			isa = XCConfigurationList;
			buildConfigurations = (
				7A46A7602A0997CD00BB9009 /* Debug */,
				7A46A7612A0997CD00BB9009 /* Release */,
			);
			defaultConfigurationIsVisible = 0;
			defaultConfigurationName = Release;
		};
		7A46A7622A0997CD00BB9009 /* Build configuration list for PBXNativeTarget "ExampleGithubActionsUITests" */ = {
			isa = XCConfigurationList;
			buildConfigurations = (
				7A46A7632A0997CD00BB9009 /* Debug */,
				7A46A7642A0997CD00BB9009 /* Release */,
			);
			defaultConfigurationIsVisible = 0;
			defaultConfigurationName = Release;
		};
/* End XCConfigurationList section */
	};
	rootObject = 7A46A72B2A0997CC00BB9009 /* Project object */;
}
